
Microsoft Visual Studio Solution File, Format Version 12.00
# Visual Studio Version 17
VisualStudioVersion = 17.14.36717.8 d17.14
MinimumVisualStudioVersion = 10.0.40219.1
Project("{FAE04EC0-301F-11D3-BF4B-00C04F79EFBC}") = "TestNotifications", "TestNotifications\TestNotifications.csproj", "{4F9D1623-F37E-4C6C-BA2A-540E523A04CD}"
EndProject
Global
	GlobalSection(SolutionConfigurationPlatforms) = preSolution
		Debug|Any CPU = Debug|Any CPU
		Release|Any CPU = Release|Any CPU
	EndGlobalSection
	GlobalSection(ProjectConfigurationPlatforms) = postSolution
		{4F9D1623-F37E-4C6C-BA2A-540E523A04CD}.Debug|Any CPU.ActiveCfg = Debug|Any CPU
		{4F9D1623-F37E-4C6C-BA2A-540E523A04CD}.Debug|Any CPU.Build.0 = Debug|Any CPU
		{4F9D1623-F37E-4C6C-BA2A-540E523A04CD}.Release|Any CPU.ActiveCfg = Release|Any CPU
		{4F9D1623-F37E-4C6C-BA2A-540E523A04CD}.Release|Any CPU.Build.0 = Release|Any CPU
	EndGlobalSection
	GlobalSection(SolutionProperties) = preSolution
		HideSolutionNode = FALSE
	EndGlobalSection
	GlobalSection(ExtensibilityGlobals) = postSolution
		SolutionGuid = {C396748E-5394-4A18-8B0A-484AB02BC062}
	EndGlobalSection
EndGlobal
